
Microsoft Visual Studio Solution File, Format Version 12.00
# Visual Studio Version 17
VisualStudioVersion = 17.14.36401.2 d17.14
MinimumVisualStudioVersion = 10.0.40219.1
Project("{FAE04EC0-301F-11D3-BF4B-00C04F79EFBC}") = "BubbleSort", "BubbleSort\BubbleSort.csproj", "{102F42C2-074D-453E-B8B8-354773DA6BBE}"
EndProject
Global
	GlobalSection(SolutionConfigurationPlatforms) = preSolution
		Debug|Any CPU = Debug|Any CPU
		Release|Any CPU = Release|Any CPU
	EndGlobalSection
	GlobalSection(ProjectConfigurationPlatforms) = postSolution
		{102F42C2-074D-453E-B8B8-354773DA6BBE}.Debug|Any CPU.ActiveCfg = Debug|Any CPU
		{102F42C2-074D-453E-B8B8-354773DA6BBE}.Debug|Any CPU.Build.0 = Debug|Any CPU
		{102F42C2-074D-453E-B8B8-354773DA6BBE}.Release|Any CPU.ActiveCfg = Release|Any CPU
		{102F42C2-074D-453E-B8B8-354773DA6BBE}.Release|Any CPU.Build.0 = Release|Any CPU
	EndGlobalSection
	GlobalSection(SolutionProperties) = preSolution
		HideSolutionNode = FALSE
	EndGlobalSection
	GlobalSection(ExtensibilityGlobals) = postSolution
		SolutionGuid = {B228C39F-8A6B-4D59-8A5A-BBE569393ABB}
	EndGlobalSection
EndGlobal
